
Microsoft Visual Studio Solution File, Format Version 12.00
# Visual Studio 15
VisualStudioVersion = 15.0.27428.2015
MinimumVisualStudioVersion = 10.0.40219.1
Project("{FAE04EC0-301F-11D3-BF4B-00C04F79EFBC}") = "GarageProject1", "GarageProject1\GarageProject1.csproj", "{6791D444-42F8-4AED-B390-024DE1CD3203}"
EndProject
Global
	GlobalSection(SolutionConfigurationPlatforms) = preSolution
		Debug|Any CPU = Debug|Any CPU
		Release|Any CPU = Release|Any CPU
	EndGlobalSection
	GlobalSection(ProjectConfigurationPlatforms) = postSolution
		{6791D444-42F8-4AED-B390-024DE1CD3203}.Debug|Any CPU.ActiveCfg = Debug|Any CPU
		{6791D444-42F8-4AED-B390-024DE1CD3203}.Debug|Any CPU.Build.0 = Debug|Any CPU
		{6791D444-42F8-4AED-B390-024DE1CD3203}.Release|Any CPU.ActiveCfg = Release|Any CPU
		{6791D444-42F8-4AED-B390-024DE1CD3203}.Release|Any CPU.Build.0 = Release|Any CPU
	EndGlobalSection
	GlobalSection(SolutionProperties) = preSolution
		HideSolutionNode = FALSE
	EndGlobalSection
	GlobalSection(ExtensibilityGlobals) = postSolution
		SolutionGuid = {E537850E-BA22-4116-83E5-27B87B759073}
	EndGlobalSection
EndGlobal
